// !$*UTF8*$!
{
	archiveVersion = 1;
	classes = {
	};
	objectVersion = 56;
	objects = {

/* Begin PBXBuildFile section */
		A918355729E0BB2500442B21 /* correct.mp3 in Resources */ = {isa = PBXBuildFile; fileRef = A918355229E0BB2400442B21 /* correct.mp3 */; };
		A918355829E0BB2500442B21 /* incorrect.mp3 in Resources */ = {isa = PBXBuildFile; fileRef = A918355329E0BB2400442B21 /* incorrect.mp3 */; };
		A918355929E0BB2500442B21 /* backgroundMusic.mp3 in Resources */ = {isa = PBXBuildFile; fileRef = A918355429E0BB2500442B21 /* backgroundMusic.mp3 */; };
		A918355A29E0BB2500442B21 /* tada.mp3 in Resources */ = {isa = PBXBuildFile; fileRef = A918355529E0BB2500442B21 /* tada.mp3 */; };
		A918355B29E0BB2500442B21 /* tik.mp3 in Resources */ = {isa = PBXBuildFile; fileRef = A918355629E0BB2500442B21 /* tik.mp3 */; };
		A918355D29E0BB6C00442B21 /* SoundManager.swift in Sources */ = {isa = PBXBuildFile; fileRef = A918355C29E0BB6C00442B21 /* SoundManager.swift */; };
		A918355F29E0BC1800442B21 /* SoundsEnum.swift in Sources */ = {isa = PBXBuildFile; fileRef = A918355E29E0BC1800442B21 /* SoundsEnum.swift */; };
		A9653D8729BD14620029FDAF /* KwizzlesQnA1.json in Resources */ = {isa = PBXBuildFile; fileRef = A9653D8629BD14620029FDAF /* KwizzlesQnA1.json */; };
		A9653D8929BD14B60029FDAF /* QnAResponse.swift in Sources */ = {isa = PBXBuildFile; fileRef = A9653D8829BD14B60029FDAF /* QnAResponse.swift */; };
		A9653D8C29BD16870029FDAF /* QuizManager.swift in Sources */ = {isa = PBXBuildFile; fileRef = A9653D8B29BD16870029FDAF /* QuizManager.swift */; };
		A9751AC42AAA5155002D2882 /* Kwizzles2.0.json in Resources */ = {isa = PBXBuildFile; fileRef = A9751AC32AAA5155002D2882 /* Kwizzles2.0.json */; };
		D757346E291C121C00A177C4 /* WelcomeViewModel.swift in Sources */ = {isa = PBXBuildFile; fileRef = D757346D291C121C00A177C4 /* WelcomeViewModel.swift */; };
		D78543C529250469002812F7 /* QuizModel.swift in Sources */ = {isa = PBXBuildFile; fileRef = D78543C429250469002812F7 /* QuizModel.swift */; };
		D78543C729250671002812F7 /* GameViewModel.swift in Sources */ = {isa = PBXBuildFile; fileRef = D78543C629250671002812F7 /* GameViewModel.swift */; };
		D78543CA292507CE002812F7 /* QuizData.swift in Sources */ = {isa = PBXBuildFile; fileRef = D78543C9292507CE002812F7 /* QuizData.swift */; };
		D78543CD29250ECE002812F7 /* QuestionsGridView.swift in Sources */ = {isa = PBXBuildFile; fileRef = D78543CC29250ECE002812F7 /* QuestionsGridView.swift */; };
		D7D393AD291B1D8300EADEE2 /* KwizzlesApp.swift in Sources */ = {isa = PBXBuildFile; fileRef = D7D393AC291B1D8300EADEE2 /* KwizzlesApp.swift */; };
		D7D393AF291B1D8300EADEE2 /* ContentView.swift in Sources */ = {isa = PBXBuildFile; fileRef = D7D393AE291B1D8300EADEE2 /* ContentView.swift */; };
		D7D393B1291B1D8500EADEE2 /* Assets.xcassets in Resources */ = {isa = PBXBuildFile; fileRef = D7D393B0291B1D8500EADEE2 /* Assets.xcassets */; };
		D7D393B4291B1D8500EADEE2 /* Preview Assets.xcassets in Resources */ = {isa = PBXBuildFile; fileRef = D7D393B3291B1D8500EADEE2 /* Preview Assets.xcassets */; };
		D7D393BE291B1D8500EADEE2 /* KwizzlesTests.swift in Sources */ = {isa = PBXBuildFile; fileRef = D7D393BD291B1D8500EADEE2 /* KwizzlesTests.swift */; };
		D7D393C8291B1D8500EADEE2 /* KwizzlesUITests.swift in Sources */ = {isa = PBXBuildFile; fileRef = D7D393C7291B1D8500EADEE2 /* KwizzlesUITests.swift */; };
		D7D393CA291B1D8500EADEE2 /* KwizzlesUITestsLaunchTests.swift in Sources */ = {isa = PBXBuildFile; fileRef = D7D393C9291B1D8500EADEE2 /* KwizzlesUITestsLaunchTests.swift */; };
		D7D393E3291B1EB500EADEE2 /* WelcomeView.swift in Sources */ = {isa = PBXBuildFile; fileRef = D7D393E2291B1EB500EADEE2 /* WelcomeView.swift */; };
		D7D393E6291B239300EADEE2 /* Color+.swift in Sources */ = {isa = PBXBuildFile; fileRef = D7D393E5291B239300EADEE2 /* Color+.swift */; };
		D7D393E8291B254600EADEE2 /* Image+.swift in Sources */ = {isa = PBXBuildFile; fileRef = D7D393E7291B254600EADEE2 /* Image+.swift */; };
		D7D393EB291B257E00EADEE2 /* AssetsEnum.swift in Sources */ = {isa = PBXBuildFile; fileRef = D7D393EA291B257E00EADEE2 /* AssetsEnum.swift */; };
		D7D393ED291B271900EADEE2 /* WidthsEnum.swift in Sources */ = {isa = PBXBuildFile; fileRef = D7D393EC291B271900EADEE2 /* WidthsEnum.swift */; };
		D7D393EF291B277500EADEE2 /* HeightsEnum.swift in Sources */ = {isa = PBXBuildFile; fileRef = D7D393EE291B277500EADEE2 /* HeightsEnum.swift */; };
		D7D393F1291B281300EADEE2 /* PaddingsEnum.swift in Sources */ = {isa = PBXBuildFile; fileRef = D7D393F0291B281300EADEE2 /* PaddingsEnum.swift */; };
		D7D393F3291B285F00EADEE2 /* CornerRadiusEnum.swift in Sources */ = {isa = PBXBuildFile; fileRef = D7D393F2291B285F00EADEE2 /* CornerRadiusEnum.swift */; };
		D7D393F5291B28CB00EADEE2 /* FontSizesEnum.swift in Sources */ = {isa = PBXBuildFile; fileRef = D7D393F4291B28CB00EADEE2 /* FontSizesEnum.swift */; };
		D7D393F7291B292300EADEE2 /* CGFloat+.swift in Sources */ = {isa = PBXBuildFile; fileRef = D7D393F6291B292300EADEE2 /* CGFloat+.swift */; };
		D7D393FA291B29AB00EADEE2 /* PaddingModifier.swift in Sources */ = {isa = PBXBuildFile; fileRef = D7D393F9291B29AB00EADEE2 /* PaddingModifier.swift */; };
		D7D393FC291B2A0600EADEE2 /* CornerRadiusModifier.swift in Sources */ = {isa = PBXBuildFile; fileRef = D7D393FB291B2A0600EADEE2 /* CornerRadiusModifier.swift */; };
		D7D393FE291B2A7E00EADEE2 /* FontFamilyEnum.swift in Sources */ = {isa = PBXBuildFile; fileRef = D7D393FD291B2A7E00EADEE2 /* FontFamilyEnum.swift */; };
		D7D39400291B2B6F00EADEE2 /* FontModifier.swift in Sources */ = {isa = PBXBuildFile; fileRef = D7D393FF291B2B6F00EADEE2 /* FontModifier.swift */; };
		D7D39404291B2C0F00EADEE2 /* TextEnum.swift in Sources */ = {isa = PBXBuildFile; fileRef = D7D39403291B2C0F00EADEE2 /* TextEnum.swift */; };
		D7D39406291B2D2000EADEE2 /* Text+.swift in Sources */ = {isa = PBXBuildFile; fileRef = D7D39405291B2D2000EADEE2 /* Text+.swift */; };
		D7DF5162291C6A9F00D8A6D9 /* GameView.swift in Sources */ = {isa = PBXBuildFile; fileRef = D7DF5161291C6A9F00D8A6D9 /* GameView.swift */; };
		D7DF5164291C6BBA00D8A6D9 /* BaseQuestionContainer.swift in Sources */ = {isa = PBXBuildFile; fileRef = D7DF5163291C6BBA00D8A6D9 /* BaseQuestionContainer.swift */; };
		D7EEA889291C04E7000AC428 /* FontScaleModifier.swift in Sources */ = {isa = PBXBuildFile; fileRef = D7EEA888291C04E7000AC428 /* FontScaleModifier.swift */; };
		D7EEA88B291C05E2000AC428 /* ScaleableText.swift in Sources */ = {isa = PBXBuildFile; fileRef = D7EEA88A291C05E2000AC428 /* ScaleableText.swift */; };
		D7EEA88D291C0EAD000AC428 /* LoaderView.swift in Sources */ = {isa = PBXBuildFile; fileRef = D7EEA88C291C0EAD000AC428 /* LoaderView.swift */; };
		D7F69ABB291D3B1100149FBC /* ScoreView.swift in Sources */ = {isa = PBXBuildFile; fileRef = D7F69ABA291D3B1100149FBC /* ScoreView.swift */; };
/* End PBXBuildFile section */

/* Begin PBXContainerItemProxy section */
		D7D393BA291B1D8500EADEE2 /* PBXContainerItemProxy */ = {
			isa = PBXContainerItemProxy;
			containerPortal = D7D393A1291B1D8300EADEE2 /* Project object */;
			proxyType = 1;
			remoteGlobalIDString = D7D393A8291B1D8300EADEE2;
			remoteInfo = Kwizzles;
		};
		D7D393C4291B1D8500EADEE2 /* PBXContainerItemProxy */ = {
			isa = PBXContainerItemProxy;
			containerPortal = D7D393A1291B1D8300EADEE2 /* Project object */;
			proxyType = 1;
			remoteGlobalIDString = D7D393A8291B1D8300EADEE2;
			remoteInfo = Kwizzles;
		};
/* End PBXContainerItemProxy section */

/* Begin PBXFileReference section */
		A918355229E0BB2400442B21 /* correct.mp3 */ = {isa = PBXFileReference; lastKnownFileType = audio.mp3; path = correct.mp3; sourceTree = "<group>"; };
		A918355329E0BB2400442B21 /* incorrect.mp3 */ = {isa = PBXFileReference; lastKnownFileType = audio.mp3; path = incorrect.mp3; sourceTree = "<group>"; };
		A918355429E0BB2500442B21 /* backgroundMusic.mp3 */ = {isa = PBXFileReference; lastKnownFileType = audio.mp3; path = backgroundMusic.mp3; sourceTree = "<group>"; };
		A918355529E0BB2500442B21 /* tada.mp3 */ = {isa = PBXFileReference; lastKnownFileType = audio.mp3; path = tada.mp3; sourceTree = "<group>"; };
		A918355629E0BB2500442B21 /* tik.mp3 */ = {isa = PBXFileReference; lastKnownFileType = audio.mp3; path = tik.mp3; sourceTree = "<group>"; };
		A918355C29E0BB6C00442B21 /* SoundManager.swift */ = {isa = PBXFileReference; lastKnownFileType = sourcecode.swift; path = SoundManager.swift; sourceTree = "<group>"; };
		A918355E29E0BC1800442B21 /* SoundsEnum.swift */ = {isa = PBXFileReference; lastKnownFileType = sourcecode.swift; path = SoundsEnum.swift; sourceTree = "<group>"; };
		A9653D8629BD14620029FDAF /* KwizzlesQnA1.json */ = {isa = PBXFileReference; fileEncoding = 4; lastKnownFileType = text.json; path = KwizzlesQnA1.json; sourceTree = "<group>"; };
		A9653D8829BD14B60029FDAF /* QnAResponse.swift */ = {isa = PBXFileReference; lastKnownFileType = sourcecode.swift; path = QnAResponse.swift; sourceTree = "<group>"; };
		A9653D8B29BD16870029FDAF /* QuizManager.swift */ = {isa = PBXFileReference; lastKnownFileType = sourcecode.swift; path = QuizManager.swift; sourceTree = "<group>"; };
		A9751AC32AAA5155002D2882 /* Kwizzles2.0.json */ = {isa = PBXFileReference; fileEncoding = 4; lastKnownFileType = text.json; path = Kwizzles2.0.json; sourceTree = "<group>"; };
		D757346D291C121C00A177C4 /* WelcomeViewModel.swift */ = {isa = PBXFileReference; lastKnownFileType = sourcecode.swift; path = WelcomeViewModel.swift; sourceTree = "<group>"; };
		D78543C429250469002812F7 /* QuizModel.swift */ = {isa = PBXFileReference; lastKnownFileType = sourcecode.swift; path = QuizModel.swift; sourceTree = "<group>"; };
		D78543C629250671002812F7 /* GameViewModel.swift */ = {isa = PBXFileReference; lastKnownFileType = sourcecode.swift; path = GameViewModel.swift; sourceTree = "<group>"; };
		D78543C9292507CE002812F7 /* QuizData.swift */ = {isa = PBXFileReference; lastKnownFileType = sourcecode.swift; path = QuizData.swift; sourceTree = "<group>"; };
		D78543CC29250ECE002812F7 /* QuestionsGridView.swift */ = {isa = PBXFileReference; lastKnownFileType = sourcecode.swift; path = QuestionsGridView.swift; sourceTree = "<group>"; };
		D7D393A9291B1D8300EADEE2 /* Kwizzles.app */ = {isa = PBXFileReference; explicitFileType = wrapper.application; includeInIndex = 0; path = Kwizzles.app; sourceTree = BUILT_PRODUCTS_DIR; };
		D7D393AC291B1D8300EADEE2 /* KwizzlesApp.swift */ = {isa = PBXFileReference; lastKnownFileType = sourcecode.swift; path = KwizzlesApp.swift; sourceTree = "<group>"; };
		D7D393AE291B1D8300EADEE2 /* ContentView.swift */ = {isa = PBXFileReference; lastKnownFileType = sourcecode.swift; path = ContentView.swift; sourceTree = "<group>"; };
		D7D393B0291B1D8500EADEE2 /* Assets.xcassets */ = {isa = PBXFileReference; lastKnownFileType = folder.assetcatalog; path = Assets.xcassets; sourceTree = "<group>"; };
		D7D393B3291B1D8500EADEE2 /* Preview Assets.xcassets */ = {isa = PBXFileReference; lastKnownFileType = folder.assetcatalog; path = "Preview Assets.xcassets"; sourceTree = "<group>"; };
		D7D393B9291B1D8500EADEE2 /* KwizzlesTests.xctest */ = {isa = PBXFileReference; explicitFileType = wrapper.cfbundle; includeInIndex = 0; path = KwizzlesTests.xctest; sourceTree = BUILT_PRODUCTS_DIR; };
		D7D393BD291B1D8500EADEE2 /* KwizzlesTests.swift */ = {isa = PBXFileReference; lastKnownFileType = sourcecode.swift; path = KwizzlesTests.swift; sourceTree = "<group>"; };
		D7D393C3291B1D8500EADEE2 /* KwizzlesUITests.xctest */ = {isa = PBXFileReference; explicitFileType = wrapper.cfbundle; includeInIndex = 0; path = KwizzlesUITests.xctest; sourceTree = BUILT_PRODUCTS_DIR; };
		D7D393C7291B1D8500EADEE2 /* KwizzlesUITests.swift */ = {isa = PBXFileReference; lastKnownFileType = sourcecode.swift; path = KwizzlesUITests.swift; sourceTree = "<group>"; };
		D7D393C9291B1D8500EADEE2 /* KwizzlesUITestsLaunchTests.swift */ = {isa = PBXFileReference; lastKnownFileType = sourcecode.swift; path = KwizzlesUITestsLaunchTests.swift; sourceTree = "<group>"; };
		D7D393E2291B1EB500EADEE2 /* WelcomeView.swift */ = {isa = PBXFileReference; lastKnownFileType = sourcecode.swift; path = WelcomeView.swift; sourceTree = "<group>"; };
		D7D393E5291B239300EADEE2 /* Color+.swift */ = {isa = PBXFileReference; lastKnownFileType = sourcecode.swift; path = "Color+.swift"; sourceTree = "<group>"; };
		D7D393E7291B254600EADEE2 /* Image+.swift */ = {isa = PBXFileReference; lastKnownFileType = sourcecode.swift; path = "Image+.swift"; sourceTree = "<group>"; };
		D7D393EA291B257E00EADEE2 /* AssetsEnum.swift */ = {isa = PBXFileReference; lastKnownFileType = sourcecode.swift; path = AssetsEnum.swift; sourceTree = "<group>"; };
		D7D393EC291B271900EADEE2 /* WidthsEnum.swift */ = {isa = PBXFileReference; lastKnownFileType = sourcecode.swift; path = WidthsEnum.swift; sourceTree = "<group>"; };
		D7D393EE291B277500EADEE2 /* HeightsEnum.swift */ = {isa = PBXFileReference; lastKnownFileType = sourcecode.swift; path = HeightsEnum.swift; sourceTree = "<group>"; };
		D7D393F0291B281300EADEE2 /* PaddingsEnum.swift */ = {isa = PBXFileReference; lastKnownFileType = sourcecode.swift; path = PaddingsEnum.swift; sourceTree = "<group>"; };
		D7D393F2291B285F00EADEE2 /* CornerRadiusEnum.swift */ = {isa = PBXFileReference; lastKnownFileType = sourcecode.swift; path = CornerRadiusEnum.swift; sourceTree = "<group>"; };
		D7D393F4291B28CB00EADEE2 /* FontSizesEnum.swift */ = {isa = PBXFileReference; lastKnownFileType = sourcecode.swift; path = FontSizesEnum.swift; sourceTree = "<group>"; };
		D7D393F6291B292300EADEE2 /* CGFloat+.swift */ = {isa = PBXFileReference; lastKnownFileType = sourcecode.swift; path = "CGFloat+.swift"; sourceTree = "<group>"; };
		D7D393F9291B29AB00EADEE2 /* PaddingModifier.swift */ = {isa = PBXFileReference; lastKnownFileType = sourcecode.swift; path = PaddingModifier.swift; sourceTree = "<group>"; };
		D7D393FB291B2A0600EADEE2 /* CornerRadiusModifier.swift */ = {isa = PBXFileReference; lastKnownFileType = sourcecode.swift; path = CornerRadiusModifier.swift; sourceTree = "<group>"; };
		D7D393FD291B2A7E00EADEE2 /* FontFamilyEnum.swift */ = {isa = PBXFileReference; lastKnownFileType = sourcecode.swift; path = FontFamilyEnum.swift; sourceTree = "<group>"; };
		D7D393FF291B2B6F00EADEE2 /* FontModifier.swift */ = {isa = PBXFileReference; lastKnownFileType = sourcecode.swift; path = FontModifier.swift; sourceTree = "<group>"; };
		D7D39403291B2C0F00EADEE2 /* TextEnum.swift */ = {isa = PBXFileReference; lastKnownFileType = sourcecode.swift; path = TextEnum.swift; sourceTree = "<group>"; };
		D7D39405291B2D2000EADEE2 /* Text+.swift */ = {isa = PBXFileReference; lastKnownFileType = sourcecode.swift; path = "Text+.swift"; sourceTree = "<group>"; };
		D7DF5161291C6A9F00D8A6D9 /* GameView.swift */ = {isa = PBXFileReference; lastKnownFileType = sourcecode.swift; path = GameView.swift; sourceTree = "<group>"; };
		D7DF5163291C6BBA00D8A6D9 /* BaseQuestionContainer.swift */ = {isa = PBXFileReference; lastKnownFileType = sourcecode.swift; path = BaseQuestionContainer.swift; sourceTree = "<group>"; };
		D7EEA888291C04E7000AC428 /* FontScaleModifier.swift */ = {isa = PBXFileReference; lastKnownFileType = sourcecode.swift; path = FontScaleModifier.swift; sourceTree = "<group>"; };
		D7EEA88A291C05E2000AC428 /* ScaleableText.swift */ = {isa = PBXFileReference; lastKnownFileType = sourcecode.swift; path = ScaleableText.swift; sourceTree = "<group>"; };
		D7EEA88C291C0EAD000AC428 /* LoaderView.swift */ = {isa = PBXFileReference; lastKnownFileType = sourcecode.swift; path = LoaderView.swift; sourceTree = "<group>"; };
		D7F69ABA291D3B1100149FBC /* ScoreView.swift */ = {isa = PBXFileReference; lastKnownFileType = sourcecode.swift; path = ScoreView.swift; sourceTree = "<group>"; };
/* End PBXFileReference section */

/* Begin PBXFrameworksBuildPhase section */
		D7D393A6291B1D8300EADEE2 /* Frameworks */ = {
			isa = PBXFrameworksBuildPhase;
			buildActionMask = 2147483647;
			files = (
			);
			runOnlyForDeploymentPostprocessing = 0;
		};
		D7D393B6291B1D8500EADEE2 /* Frameworks */ = {
			isa = PBXFrameworksBuildPhase;
			buildActionMask = 2147483647;
			files = (
			);
			runOnlyForDeploymentPostprocessing = 0;
		};
		D7D393C0291B1D8500EADEE2 /* Frameworks */ = {
			isa = PBXFrameworksBuildPhase;
			buildActionMask = 2147483647;
			files = (
			);
			runOnlyForDeploymentPostprocessing = 0;
		};
/* End PBXFrameworksBuildPhase section */

/* Begin PBXGroup section */
		A918355129E0BAA900442B21 /* Sounds */ = {
			isa = PBXGroup;
			children = (
				A918355429E0BB2500442B21 /* backgroundMusic.mp3 */,
				A918355229E0BB2400442B21 /* correct.mp3 */,
				A918355329E0BB2400442B21 /* incorrect.mp3 */,
				A918355529E0BB2500442B21 /* tada.mp3 */,
				A918355629E0BB2500442B21 /* tik.mp3 */,
			);
			path = Sounds;
			sourceTree = "<group>";
		};
		A9653D8A29BD163D0029FDAF /* Managers */ = {
			isa = PBXGroup;
			children = (
				A9653D8B29BD16870029FDAF /* QuizManager.swift */,
				A918355C29E0BB6C00442B21 /* SoundManager.swift */,
			);
			path = Managers;
			sourceTree = "<group>";
		};
		D78543C329250432002812F7 /* Entities */ = {
			isa = PBXGroup;
			children = (
				D78543C429250469002812F7 /* QuizModel.swift */,
				A9653D8829BD14B60029FDAF /* QnAResponse.swift */,
			);
			path = Entities;
			sourceTree = "<group>";
		};
		D78543C8292507A0002812F7 /* Repository */ = {
			isa = PBXGroup;
			children = (
				A9751AC32AAA5155002D2882 /* Kwizzles2.0.json */,
				A918355129E0BAA900442B21 /* Sounds */,
				A9653D8629BD14620029FDAF /* KwizzlesQnA1.json */,
				D78543C9292507CE002812F7 /* QuizData.swift */,
			);
			path = Repository;
			sourceTree = "<group>";
		};
		D78543CB29250EA5002812F7 /* ScoreScreen */ = {
			isa = PBXGroup;
			children = (
				D7F69ABA291D3B1100149FBC /* ScoreView.swift */,
			);
			path = ScoreScreen;
			sourceTree = "<group>";
		};
		D7D393A0291B1D8300EADEE2 = {
			isa = PBXGroup;
			children = (
				D7D393AB291B1D8300EADEE2 /* Kwizzles */,
				D7D393BC291B1D8500EADEE2 /* KwizzlesTests */,
				D7D393C6291B1D8500EADEE2 /* KwizzlesUITests */,
				D7D393AA291B1D8300EADEE2 /* Products */,
			);
			sourceTree = "<group>";
		};
		D7D393AA291B1D8300EADEE2 /* Products */ = {
			isa = PBXGroup;
			children = (
				D7D393A9291B1D8300EADEE2 /* Kwizzles.app */,
				D7D393B9291B1D8500EADEE2 /* KwizzlesTests.xctest */,
				D7D393C3291B1D8500EADEE2 /* KwizzlesUITests.xctest */,
			);
			name = Products;
			sourceTree = "<group>";
		};
		D7D393AB291B1D8300EADEE2 /* Kwizzles */ = {
			isa = PBXGroup;
			children = (
				D7D393AC291B1D8300EADEE2 /* KwizzlesApp.swift */,
				D7D393AE291B1D8300EADEE2 /* ContentView.swift */,
				A9653D8A29BD163D0029FDAF /* Managers */,
				D7EEA887291C0496000AC428 /* BaseComponents */,
				D7D393E9291B256600EADEE2 /* Enums */,
				D7D393F8291B297E00EADEE2 /* Modifiers */,
				D7D393E4291B236D00EADEE2 /* Extensions */,
				D7D393DF291B1E5D00EADEE2 /* Views */,
				D7D393E0291B1E6B00EADEE2 /* ViewModels */,
				D7D393B0291B1D8500EADEE2 /* Assets.xcassets */,
				D78543C8292507A0002812F7 /* Repository */,
				D78543C329250432002812F7 /* Entities */,
				D7D393B2291B1D8500EADEE2 /* Preview Content */,
			);
			path = Kwizzles;
			sourceTree = "<group>";
		};
		D7D393B2291B1D8500EADEE2 /* Preview Content */ = {
			isa = PBXGroup;
			children = (
				D7D393B3291B1D8500EADEE2 /* Preview Assets.xcassets */,
			);
			path = "Preview Content";
			sourceTree = "<group>";
		};
		D7D393BC291B1D8500EADEE2 /* KwizzlesTests */ = {
			isa = PBXGroup;
			children = (
				D7D393BD291B1D8500EADEE2 /* KwizzlesTests.swift */,
			);
			path = KwizzlesTests;
			sourceTree = "<group>";
		};
		D7D393C6291B1D8500EADEE2 /* KwizzlesUITests */ = {
			isa = PBXGroup;
			children = (
				D7D393C7291B1D8500EADEE2 /* KwizzlesUITests.swift */,
				D7D393C9291B1D8500EADEE2 /* KwizzlesUITestsLaunchTests.swift */,
			);
			path = KwizzlesUITests;
			sourceTree = "<group>";
		};
		D7D393DF291B1E5D00EADEE2 /* Views */ = {
			isa = PBXGroup;
			children = (
				D78543CB29250EA5002812F7 /* ScoreScreen */,
				D7DF5160291C6A7300D8A6D9 /* GameScreen */,
				D7D393E1291B1E8800EADEE2 /* WelcomeScreen */,
			);
			path = Views;
			sourceTree = "<group>";
		};
		D7D393E0291B1E6B00EADEE2 /* ViewModels */ = {
			isa = PBXGroup;
			children = (
				D757346D291C121C00A177C4 /* WelcomeViewModel.swift */,
				D78543C629250671002812F7 /* GameViewModel.swift */,
			);
			path = ViewModels;
			sourceTree = "<group>";
		};
		D7D393E1291B1E8800EADEE2 /* WelcomeScreen */ = {
			isa = PBXGroup;
			children = (
				D7D393E2291B1EB500EADEE2 /* WelcomeView.swift */,
			);
			path = WelcomeScreen;
			sourceTree = "<group>";
		};
		D7D393E4291B236D00EADEE2 /* Extensions */ = {
			isa = PBXGroup;
			children = (
				D7D393E5291B239300EADEE2 /* Color+.swift */,
				D7D393E7291B254600EADEE2 /* Image+.swift */,
				D7D393F6291B292300EADEE2 /* CGFloat+.swift */,
				D7D39405291B2D2000EADEE2 /* Text+.swift */,
			);
			path = Extensions;
			sourceTree = "<group>";
		};
		D7D393E9291B256600EADEE2 /* Enums */ = {
			isa = PBXGroup;
			children = (
				D7D393EA291B257E00EADEE2 /* AssetsEnum.swift */,
				D7D393EC291B271900EADEE2 /* WidthsEnum.swift */,
				D7D393EE291B277500EADEE2 /* HeightsEnum.swift */,
				D7D393F0291B281300EADEE2 /* PaddingsEnum.swift */,
				D7D393F2291B285F00EADEE2 /* CornerRadiusEnum.swift */,
				D7D393F4291B28CB00EADEE2 /* FontSizesEnum.swift */,
				D7D393FD291B2A7E00EADEE2 /* FontFamilyEnum.swift */,
				D7D39403291B2C0F00EADEE2 /* TextEnum.swift */,
				A918355E29E0BC1800442B21 /* SoundsEnum.swift */,
			);
			path = Enums;
			sourceTree = "<group>";
		};
		D7D393F8291B297E00EADEE2 /* Modifiers */ = {
			isa = PBXGroup;
			children = (
				D7D393F9291B29AB00EADEE2 /* PaddingModifier.swift */,
				D7D393FB291B2A0600EADEE2 /* CornerRadiusModifier.swift */,
				D7D393FF291B2B6F00EADEE2 /* FontModifier.swift */,
				D7EEA888291C04E7000AC428 /* FontScaleModifier.swift */,
			);
			path = Modifiers;
			sourceTree = "<group>";
		};
		D7DF5160291C6A7300D8A6D9 /* GameScreen */ = {
			isa = PBXGroup;
			children = (
				D7DF5161291C6A9F00D8A6D9 /* GameView.swift */,
				D78543CC29250ECE002812F7 /* QuestionsGridView.swift */,
			);
			path = GameScreen;
			sourceTree = "<group>";
		};
		D7EEA887291C0496000AC428 /* BaseComponents */ = {
			isa = PBXGroup;
			children = (
				D7EEA88A291C05E2000AC428 /* ScaleableText.swift */,
				D7EEA88C291C0EAD000AC428 /* LoaderView.swift */,
				D7DF5163291C6BBA00D8A6D9 /* BaseQuestionContainer.swift */,
			);
			path = BaseComponents;
			sourceTree = "<group>";
		};
/* End PBXGroup section */

/* Begin PBXNativeTarget section */
		D7D393A8291B1D8300EADEE2 /* Kwizzles */ = {
			isa = PBXNativeTarget;
			buildConfigurationList = D7D393CD291B1D8500EADEE2 /* Build configuration list for PBXNativeTarget "Kwizzles" */;
			buildPhases = (
				D7D393A5291B1D8300EADEE2 /* Sources */,
				D7D393A6291B1D8300EADEE2 /* Frameworks */,
				D7D393A7291B1D8300EADEE2 /* Resources */,
			);
			buildRules = (
			);
			dependencies = (
			);
			name = Kwizzles;
			productName = Kwizzles;
			productReference = D7D393A9291B1D8300EADEE2 /* Kwizzles.app */;
			productType = "com.apple.product-type.application";
		};
		D7D393B8291B1D8500EADEE2 /* KwizzlesTests */ = {
			isa = PBXNativeTarget;
			buildConfigurationList = D7D393D0291B1D8500EADEE2 /* Build configuration list for PBXNativeTarget "KwizzlesTests" */;
			buildPhases = (
				D7D393B5291B1D8500EADEE2 /* Sources */,
				D7D393B6291B1D8500EADEE2 /* Frameworks */,
				D7D393B7291B1D8500EADEE2 /* Resources */,
			);
			buildRules = (
			);
			dependencies = (
				D7D393BB291B1D8500EADEE2 /* PBXTargetDependency */,
			);
			name = KwizzlesTests;
			productName = KwizzlesTests;
			productReference = D7D393B9291B1D8500EADEE2 /* KwizzlesTests.xctest */;
			productType = "com.apple.product-type.bundle.unit-test";
		};
		D7D393C2291B1D8500EADEE2 /* KwizzlesUITests */ = {
			isa = PBXNativeTarget;
			buildConfigurationList = D7D393D3291B1D8500EADEE2 /* Build configuration list for PBXNativeTarget "KwizzlesUITests" */;
			buildPhases = (
				D7D393BF291B1D8500EADEE2 /* Sources */,
				D7D393C0291B1D8500EADEE2 /* Frameworks */,
				D7D393C1291B1D8500EADEE2 /* Resources */,
			);
			buildRules = (
			);
			dependencies = (
				D7D393C5291B1D8500EADEE2 /* PBXTargetDependency */,
			);
			name = KwizzlesUITests;
			productName = KwizzlesUITests;
			productReference = D7D393C3291B1D8500EADEE2 /* KwizzlesUITests.xctest */;
			productType = "com.apple.product-type.bundle.ui-testing";
		};
/* End PBXNativeTarget section */

/* Begin PBXProject section */
		D7D393A1291B1D8300EADEE2 /* Project object */ = {
			isa = PBXProject;
			attributes = {
				BuildIndependentTargetsInParallel = 1;
				LastSwiftUpdateCheck = 1410;
				LastUpgradeCheck = 1410;
				TargetAttributes = {
					D7D393A8291B1D8300EADEE2 = {
						CreatedOnToolsVersion = 14.1;
					};
					D7D393B8291B1D8500EADEE2 = {
						CreatedOnToolsVersion = 14.1;
						TestTargetID = D7D393A8291B1D8300EADEE2;
					};
					D7D393C2291B1D8500EADEE2 = {
						CreatedOnToolsVersion = 14.1;
						TestTargetID = D7D393A8291B1D8300EADEE2;
					};
				};
			};
			buildConfigurationList = D7D393A4291B1D8300EADEE2 /* Build configuration list for PBXProject "Kwizzles" */;
			compatibilityVersion = "Xcode 14.0";
			developmentRegion = en;
			hasScannedForEncodings = 0;
			knownRegions = (
				en,
				Base,
			);
			mainGroup = D7D393A0291B1D8300EADEE2;
			productRefGroup = D7D393AA291B1D8300EADEE2 /* Products */;
			projectDirPath = "";
			projectRoot = "";
			targets = (
				D7D393A8291B1D8300EADEE2 /* Kwizzles */,
				D7D393B8291B1D8500EADEE2 /* KwizzlesTests */,
				D7D393C2291B1D8500EADEE2 /* KwizzlesUITests */,
			);
		};
/* End PBXProject section */

/* Begin PBXResourcesBuildPhase section */
		D7D393A7291B1D8300EADEE2 /* Resources */ = {
			isa = PBXResourcesBuildPhase;
			buildActionMask = 2147483647;
			files = (
				A918355829E0BB2500442B21 /* incorrect.mp3 in Resources */,
				A9653D8729BD14620029FDAF /* KwizzlesQnA1.json in Resources */,
				A918355929E0BB2500442B21 /* backgroundMusic.mp3 in Resources */,
				D7D393B4291B1D8500EADEE2 /* Preview Assets.xcassets in Resources */,
				D7D393B1291B1D8500EADEE2 /* Assets.xcassets in Resources */,
				A918355B29E0BB2500442B21 /* tik.mp3 in Resources */,
				A918355729E0BB2500442B21 /* correct.mp3 in Resources */,
				A9751AC42AAA5155002D2882 /* Kwizzles2.0.json in Resources */,
				A918355A29E0BB2500442B21 /* tada.mp3 in Resources */,
			);
			runOnlyForDeploymentPostprocessing = 0;
		};
		D7D393B7291B1D8500EADEE2 /* Resources */ = {
			isa = PBXResourcesBuildPhase;
			buildActionMask = 2147483647;
			files = (
			);
			runOnlyForDeploymentPostprocessing = 0;
		};
		D7D393C1291B1D8500EADEE2 /* Resources */ = {
			isa = PBXResourcesBuildPhase;
			buildActionMask = 2147483647;
			files = (
			);
			runOnlyForDeploymentPostprocessing = 0;
		};
/* End PBXResourcesBuildPhase section */

/* Begin PBXSourcesBuildPhase section */
		D7D393A5291B1D8300EADEE2 /* Sources */ = {
			isa = PBXSourcesBuildPhase;
			buildActionMask = 2147483647;
			files = (
				D78543CD29250ECE002812F7 /* QuestionsGridView.swift in Sources */,
				D78543CA292507CE002812F7 /* QuizData.swift in Sources */,
				D7D393ED291B271900EADEE2 /* WidthsEnum.swift in Sources */,
				A918355F29E0BC1800442B21 /* SoundsEnum.swift in Sources */,
				D7D393F5291B28CB00EADEE2 /* FontSizesEnum.swift in Sources */,
				D7D393AF291B1D8300EADEE2 /* ContentView.swift in Sources */,
				D7D39400291B2B6F00EADEE2 /* FontModifier.swift in Sources */,
				D7F69ABB291D3B1100149FBC /* ScoreView.swift in Sources */,
				A9653D8929BD14B60029FDAF /* QnAResponse.swift in Sources */,
				D7DF5164291C6BBA00D8A6D9 /* BaseQuestionContainer.swift in Sources */,
				D7D393EB291B257E00EADEE2 /* AssetsEnum.swift in Sources */,
				D7D393F7291B292300EADEE2 /* CGFloat+.swift in Sources */,
				D7D393E6291B239300EADEE2 /* Color+.swift in Sources */,
				D7D393FA291B29AB00EADEE2 /* PaddingModifier.swift in Sources */,
				D7D39406291B2D2000EADEE2 /* Text+.swift in Sources */,
				D7D393E8291B254600EADEE2 /* Image+.swift in Sources */,
				D7EEA889291C04E7000AC428 /* FontScaleModifier.swift in Sources */,
				D7EEA88B291C05E2000AC428 /* ScaleableText.swift in Sources */,
				A918355D29E0BB6C00442B21 /* SoundManager.swift in Sources */,
				D7DF5162291C6A9F00D8A6D9 /* GameView.swift in Sources */,
				D7D393EF291B277500EADEE2 /* HeightsEnum.swift in Sources */,
				D7D393E3291B1EB500EADEE2 /* WelcomeView.swift in Sources */,
				A9653D8C29BD16870029FDAF /* QuizManager.swift in Sources */,
				D7D393F1291B281300EADEE2 /* PaddingsEnum.swift in Sources */,
				D7D39404291B2C0F00EADEE2 /* TextEnum.swift in Sources */,
				D7D393FE291B2A7E00EADEE2 /* FontFamilyEnum.swift in Sources */,
				D78543C529250469002812F7 /* QuizModel.swift in Sources */,
				D78543C729250671002812F7 /* GameViewModel.swift in Sources */,
				D757346E291C121C00A177C4 /* WelcomeViewModel.swift in Sources */,
				D7EEA88D291C0EAD000AC428 /* LoaderView.swift in Sources */,
				D7D393AD291B1D8300EADEE2 /* KwizzlesApp.swift in Sources */,
				D7D393F3291B285F00EADEE2 /* CornerRadiusEnum.swift in Sources */,
				D7D393FC291B2A0600EADEE2 /* CornerRadiusModifier.swift in Sources */,
			);
			runOnlyForDeploymentPostprocessing = 0;
		};
		D7D393B5291B1D8500EADEE2 /* Sources */ = {
			isa = PBXSourcesBuildPhase;
			buildActionMask = 2147483647;
			files = (
				D7D393BE291B1D8500EADEE2 /* KwizzlesTests.swift in Sources */,
			);
			runOnlyForDeploymentPostprocessing = 0;
		};
		D7D393BF291B1D8500EADEE2 /* Sources */ = {
			isa = PBXSourcesBuildPhase;
			buildActionMask = 2147483647;
			files = (
				D7D393CA291B1D8500EADEE2 /* KwizzlesUITestsLaunchTests.swift in Sources */,
				D7D393C8291B1D8500EADEE2 /* KwizzlesUITests.swift in Sources */,
			);
			runOnlyForDeploymentPostprocessing = 0;
		};
/* End PBXSourcesBuildPhase section */

/* Begin PBXTargetDependency section */
		D7D393BB291B1D8500EADEE2 /* PBXTargetDependency */ = {
			isa = PBXTargetDependency;
			target = D7D393A8291B1D8300EADEE2 /* Kwizzles */;
			targetProxy = D7D393BA291B1D8500EADEE2 /* PBXContainerItemProxy */;
		};
		D7D393C5291B1D8500EADEE2 /* PBXTargetDependency */ = {
			isa = PBXTargetDependency;
			target = D7D393A8291B1D8300EADEE2 /* Kwizzles */;
			targetProxy = D7D393C4291B1D8500EADEE2 /* PBXContainerItemProxy */;
		};
/* End PBXTargetDependency section */

/* Begin XCBuildConfiguration section */
		D7D393CB291B1D8500EADEE2 /* Debug */ = {
			isa = XCBuildConfiguration;
			buildSettings = {
				ALWAYS_SEARCH_USER_PATHS = NO;
				CLANG_ANALYZER_NONNULL = YES;
				CLANG_ANALYZER_NUMBER_OBJECT_CONVERSION = YES_AGGRESSIVE;
				CLANG_CXX_LANGUAGE_STANDARD = "gnu++20";
				CLANG_ENABLE_MODULES = YES;
				CLANG_ENABLE_OBJC_ARC = YES;
				CLANG_ENABLE_OBJC_WEAK = YES;
				CLANG_WARN_BLOCK_CAPTURE_AUTORELEASING = YES;
				CLANG_WARN_BOOL_CONVERSION = YES;
				CLANG_WARN_COMMA = YES;
				CLANG_WARN_CONSTANT_CONVERSION = YES;
				CLANG_WARN_DEPRECATED_OBJC_IMPLEMENTATIONS = YES;
				CLANG_WARN_DIRECT_OBJC_ISA_USAGE = YES_ERROR;
				CLANG_WARN_DOCUMENTATION_COMMENTS = YES;
				CLANG_WARN_EMPTY_BODY = YES;
				CLANG_WARN_ENUM_CONVERSION = YES;
				CLANG_WARN_INFINITE_RECURSION = YES;
				CLANG_WARN_INT_CONVERSION = YES;
				CLANG_WARN_NON_LITERAL_NULL_CONVERSION = YES;
				CLANG_WARN_OBJC_IMPLICIT_RETAIN_SELF = YES;
				CLANG_WARN_OBJC_LITERAL_CONVERSION = YES;
				CLANG_WARN_OBJC_ROOT_CLASS = YES_ERROR;
				CLANG_WARN_QUOTED_INCLUDE_IN_FRAMEWORK_HEADER = YES;
				CLANG_WARN_RANGE_LOOP_ANALYSIS = YES;
				CLANG_WARN_STRICT_PROTOTYPES = YES;
				CLANG_WARN_SUSPICIOUS_MOVE = YES;
				CLANG_WARN_UNGUARDED_AVAILABILITY = YES_AGGRESSIVE;
				CLANG_WARN_UNREACHABLE_CODE = YES;
				CLANG_WARN__DUPLICATE_METHOD_MATCH = YES;
				COPY_PHASE_STRIP = NO;
				DEBUG_INFORMATION_FORMAT = dwarf;
				ENABLE_STRICT_OBJC_MSGSEND = YES;
				ENABLE_TESTABILITY = YES;
				GCC_C_LANGUAGE_STANDARD = gnu11;
				GCC_DYNAMIC_NO_PIC = NO;
				GCC_NO_COMMON_BLOCKS = YES;
				GCC_OPTIMIZATION_LEVEL = 0;
				GCC_PREPROCESSOR_DEFINITIONS = (
					"DEBUG=1",
					"$(inherited)",
				);
				GCC_WARN_64_TO_32_BIT_CONVERSION = YES;
				GCC_WARN_ABOUT_RETURN_TYPE = YES_ERROR;
				GCC_WARN_UNDECLARED_SELECTOR = YES;
				GCC_WARN_UNINITIALIZED_AUTOS = YES_AGGRESSIVE;
				GCC_WARN_UNUSED_FUNCTION = YES;
				GCC_WARN_UNUSED_VARIABLE = YES;
				IPHONEOS_DEPLOYMENT_TARGET = 16.1;
				MTL_ENABLE_DEBUG_INFO = INCLUDE_SOURCE;
				MTL_FAST_MATH = YES;
				ONLY_ACTIVE_ARCH = YES;
				SDKROOT = iphoneos;
				SWIFT_ACTIVE_COMPILATION_CONDITIONS = DEBUG;
				SWIFT_OPTIMIZATION_LEVEL = "-Onone";
			};
			name = Debug;
		};
		D7D393CC291B1D8500EADEE2 /* Release */ = {
			isa = XCBuildConfiguration;
			buildSettings = {
				ALWAYS_SEARCH_USER_PATHS = NO;
				CLANG_ANALYZER_NONNULL = YES;
				CLANG_ANALYZER_NUMBER_OBJECT_CONVERSION = YES_AGGRESSIVE;
				CLANG_CXX_LANGUAGE_STANDARD = "gnu++20";
				CLANG_ENABLE_MODULES = YES;
				CLANG_ENABLE_OBJC_ARC = YES;
				CLANG_ENABLE_OBJC_WEAK = YES;
				CLANG_WARN_BLOCK_CAPTURE_AUTORELEASING = YES;
				CLANG_WARN_BOOL_CONVERSION = YES;
				CLANG_WARN_COMMA = YES;
				CLANG_WARN_CONSTANT_CONVERSION = YES;
				CLANG_WARN_DEPRECATED_OBJC_IMPLEMENTATIONS = YES;
				CLANG_WARN_DIRECT_OBJC_ISA_USAGE = YES_ERROR;
				CLANG_WARN_DOCUMENTATION_COMMENTS = YES;
				CLANG_WARN_EMPTY_BODY = YES;
				CLANG_WARN_ENUM_CONVERSION = YES;
				CLANG_WARN_INFINITE_RECURSION = YES;
				CLANG_WARN_INT_CONVERSION = YES;
				CLANG_WARN_NON_LITERAL_NULL_CONVERSION = YES;
				CLANG_WARN_OBJC_IMPLICIT_RETAIN_SELF = YES;
				CLANG_WARN_OBJC_LITERAL_CONVERSION = YES;
				CLANG_WARN_OBJC_ROOT_CLASS = YES_ERROR;
				CLANG_WARN_QUOTED_INCLUDE_IN_FRAMEWORK_HEADER = YES;
				CLANG_WARN_RANGE_LOOP_ANALYSIS = YES;
				CLANG_WARN_STRICT_PROTOTYPES = YES;
				CLANG_WARN_SUSPICIOUS_MOVE = YES;
				CLANG_WARN_UNGUARDED_AVAILABILITY = YES_AGGRESSIVE;
				CLANG_WARN_UNREACHABLE_CODE = YES;
				CLANG_WARN__DUPLICATE_METHOD_MATCH = YES;
				COPY_PHASE_STRIP = NO;
				DEBUG_INFORMATION_FORMAT = "dwarf-with-dsym";
				ENABLE_NS_ASSERTIONS = NO;
				ENABLE_STRICT_OBJC_MSGSEND = YES;
				GCC_C_LANGUAGE_STANDARD = gnu11;
				GCC_NO_COMMON_BLOCKS = YES;
				GCC_WARN_64_TO_32_BIT_CONVERSION = YES;
				GCC_WARN_ABOUT_RETURN_TYPE = YES_ERROR;
				GCC_WARN_UNDECLARED_SELECTOR = YES;
				GCC_WARN_UNINITIALIZED_AUTOS = YES_AGGRESSIVE;
				GCC_WARN_UNUSED_FUNCTION = YES;
				GCC_WARN_UNUSED_VARIABLE = YES;
				IPHONEOS_DEPLOYMENT_TARGET = 16.1;
				MTL_ENABLE_DEBUG_INFO = NO;
				MTL_FAST_MATH = YES;
				SDKROOT = iphoneos;
				SWIFT_COMPILATION_MODE = wholemodule;
				SWIFT_OPTIMIZATION_LEVEL = "-O";
				VALIDATE_PRODUCT = YES;
			};
			name = Release;
		};
		D7D393CE291B1D8500EADEE2 /* Debug */ = {
			isa = XCBuildConfiguration;
			buildSettings = {
				ASSETCATALOG_COMPILER_APPICON_NAME = AppIcon;
				ASSETCATALOG_COMPILER_GLOBAL_ACCENT_COLOR_NAME = AccentColor;
				CODE_SIGN_STYLE = Automatic;
				CURRENT_PROJECT_VERSION = 1;
				DEVELOPMENT_ASSET_PATHS = "\"Kwizzles/Preview Content\"";
				ENABLE_PREVIEWS = YES;
				GENERATE_INFOPLIST_FILE = YES;
				INFOPLIST_KEY_UIApplicationSceneManifest_Generation = YES;
				INFOPLIST_KEY_UIApplicationSupportsIndirectInputEvents = YES;
				INFOPLIST_KEY_UILaunchScreen_Generation = YES;
				INFOPLIST_KEY_UISupportedInterfaceOrientations_iPad = "UIInterfaceOrientationPortrait UIInterfaceOrientationPortraitUpsideDown UIInterfaceOrientationLandscapeLeft UIInterfaceOrientationLandscapeRight";
				INFOPLIST_KEY_UISupportedInterfaceOrientations_iPhone = "UIInterfaceOrientationPortrait UIInterfaceOrientationLandscapeLeft UIInterfaceOrientationLandscapeRight";
				LD_RUNPATH_SEARCH_PATHS = (
					"$(inherited)",
					"@executable_path/Frameworks",
				);
				MARKETING_VERSION = 1.0;
				PRODUCT_BUNDLE_IDENTIFIER = vpolyzos.Kwizzles;
				PRODUCT_NAME = "$(TARGET_NAME)";
				SWIFT_EMIT_LOC_STRINGS = YES;
				SWIFT_VERSION = 5.0;
				TARGETED_DEVICE_FAMILY = "1,2";
			};
			name = Debug;
		};
		D7D393CF291B1D8500EADEE2 /* Release */ = {
			isa = XCBuildConfiguration;
			buildSettings = {
				ASSETCATALOG_COMPILER_APPICON_NAME = AppIcon;
				ASSETCATALOG_COMPILER_GLOBAL_ACCENT_COLOR_NAME = AccentColor;
				CODE_SIGN_STYLE = Automatic;
				CURRENT_PROJECT_VERSION = 1;
				DEVELOPMENT_ASSET_PATHS = "\"Kwizzles/Preview Content\"";
				ENABLE_PREVIEWS = YES;
				GENERATE_INFOPLIST_FILE = YES;
				INFOPLIST_KEY_UIApplicationSceneManifest_Generation = YES;
				INFOPLIST_KEY_UIApplicationSupportsIndirectInputEvents = YES;
				INFOPLIST_KEY_UILaunchScreen_Generation = YES;
				INFOPLIST_KEY_UISupportedInterfaceOrientations_iPad = "UIInterfaceOrientationPortrait UIInterfaceOrientationPortraitUpsideDown UIInterfaceOrientationLandscapeLeft UIInterfaceOrientationLandscapeRight";
				INFOPLIST_KEY_UISupportedInterfaceOrientations_iPhone = "UIInterfaceOrientationPortrait UIInterfaceOrientationLandscapeLeft UIInterfaceOrientationLandscapeRight";
				LD_RUNPATH_SEARCH_PATHS = (
					"$(inherited)",
					"@executable_path/Frameworks",
				);
				MARKETING_VERSION = 1.0;
				PRODUCT_BUNDLE_IDENTIFIER = vpolyzos.Kwizzles;
				PRODUCT_NAME = "$(TARGET_NAME)";
				SWIFT_EMIT_LOC_STRINGS = YES;
				SWIFT_VERSION = 5.0;
				TARGETED_DEVICE_FAMILY = "1,2";
			};
			name = Release;
		};
		D7D393D1291B1D8500EADEE2 /* Debug */ = {
			isa = XCBuildConfiguration;
			buildSettings = {
				ALWAYS_EMBED_SWIFT_STANDARD_LIBRARIES = YES;
				BUNDLE_LOADER = "$(TEST_HOST)";
				CODE_SIGN_STYLE = Automatic;
				CURRENT_PROJECT_VERSION = 1;
				GENERATE_INFOPLIST_FILE = YES;
				IPHONEOS_DEPLOYMENT_TARGET = 16.1;
				MARKETING_VERSION = 1.0;
				PRODUCT_BUNDLE_IDENTIFIER = vpolyzos.KwizzlesTests;
				PRODUCT_NAME = "$(TARGET_NAME)";
				SWIFT_EMIT_LOC_STRINGS = NO;
				SWIFT_VERSION = 5.0;
				TARGETED_DEVICE_FAMILY = "1,2";
				TEST_HOST = "$(BUILT_PRODUCTS_DIR)/Kwizzles.app/$(BUNDLE_EXECUTABLE_FOLDER_PATH)/Kwizzles";
			};
			name = Debug;
		};
		D7D393D2291B1D8500EADEE2 /* Release */ = {
			isa = XCBuildConfiguration;
			buildSettings = {
				ALWAYS_EMBED_SWIFT_STANDARD_LIBRARIES = YES;
				BUNDLE_LOADER = "$(TEST_HOST)";
				CODE_SIGN_STYLE = Automatic;
				CURRENT_PROJECT_VERSION = 1;
				GENERATE_INFOPLIST_FILE = YES;
				IPHONEOS_DEPLOYMENT_TARGET = 16.1;
				MARKETING_VERSION = 1.0;
				PRODUCT_BUNDLE_IDENTIFIER = vpolyzos.KwizzlesTests;
				PRODUCT_NAME = "$(TARGET_NAME)";
				SWIFT_EMIT_LOC_STRINGS = NO;
				SWIFT_VERSION = 5.0;
				TARGETED_DEVICE_FAMILY = "1,2";
				TEST_HOST = "$(BUILT_PRODUCTS_DIR)/Kwizzles.app/$(BUNDLE_EXECUTABLE_FOLDER_PATH)/Kwizzles";
			};
			name = Release;
		};
		D7D393D4291B1D8500EADEE2 /* Debug */ = {
			isa = XCBuildConfiguration;
			buildSettings = {
				ALWAYS_EMBED_SWIFT_STANDARD_LIBRARIES = YES;
				CODE_SIGN_STYLE = Automatic;
				CURRENT_PROJECT_VERSION = 1;
				GENERATE_INFOPLIST_FILE = YES;
				MARKETING_VERSION = 1.0;
				PRODUCT_BUNDLE_IDENTIFIER = vpolyzos.KwizzlesUITests;
				PRODUCT_NAME = "$(TARGET_NAME)";
				SWIFT_EMIT_LOC_STRINGS = NO;
				SWIFT_VERSION = 5.0;
				TARGETED_DEVICE_FAMILY = "1,2";
				TEST_TARGET_NAME = Kwizzles;
			};
			name = Debug;
		};
		D7D393D5291B1D8500EADEE2 /* Release */ = {
			isa = XCBuildConfiguration;
			buildSettings = {
				ALWAYS_EMBED_SWIFT_STANDARD_LIBRARIES = YES;
				CODE_SIGN_STYLE = Automatic;
				CURRENT_PROJECT_VERSION = 1;
				GENERATE_INFOPLIST_FILE = YES;
				MARKETING_VERSION = 1.0;
				PRODUCT_BUNDLE_IDENTIFIER = vpolyzos.KwizzlesUITests;
				PRODUCT_NAME = "$(TARGET_NAME)";
				SWIFT_EMIT_LOC_STRINGS = NO;
				SWIFT_VERSION = 5.0;
				TARGETED_DEVICE_FAMILY = "1,2";
				TEST_TARGET_NAME = Kwizzles;
			};
			name = Release;
		};
/* End XCBuildConfiguration section */

/* Begin XCConfigurationList section */
		D7D393A4291B1D8300EADEE2 /* Build configuration list for PBXProject "Kwizzles" */ = {
			isa = XCConfigurationList;
			buildConfigurations = (
				D7D393CB291B1D8500EADEE2 /* Debug */,
				D7D393CC291B1D8500EADEE2 /* Release */,
			);
			defaultConfigurationIsVisible = 0;
			defaultConfigurationName = Release;
		};
		D7D393CD291B1D8500EADEE2 /* Build configuration list for PBXNativeTarget "Kwizzles" */ = {
			isa = XCConfigurationList;
			buildConfigurations = (
				D7D393CE291B1D8500EADEE2 /* Debug */,
				D7D393CF291B1D8500EADEE2 /* Release */,
			);
			defaultConfigurationIsVisible = 0;
			defaultConfigurationName = Release;
		};
		D7D393D0291B1D8500EADEE2 /* Build configuration list for PBXNativeTarget "KwizzlesTests" */ = {
			isa = XCConfigurationList;
			buildConfigurations = (
				D7D393D1291B1D8500EADEE2 /* Debug */,
				D7D393D2291B1D8500EADEE2 /* Release */,
			);
			defaultConfigurationIsVisible = 0;
			defaultConfigurationName = Release;
		};
		D7D393D3291B1D8500EADEE2 /* Build configuration list for PBXNativeTarget "KwizzlesUITests" */ = {
			isa = XCConfigurationList;
			buildConfigurations = (
				D7D393D4291B1D8500EADEE2 /* Debug */,
				D7D393D5291B1D8500EADEE2 /* Release */,
			);
			defaultConfigurationIsVisible = 0;
			defaultConfigurationName = Release;
		};
/* End XCConfigurationList section */
	};
	rootObject = D7D393A1291B1D8300EADEE2 /* Project object */;
}
